
Microsoft Visual Studio Solution File, Format Version 12.00
# Visual Studio 15
Project("{FAE04EC0-301F-11D3-BF4B-00C04F79EFBC}") = "Assembly-CSharp", "Assembly-CSharp.csproj", "{210A0EF3-D180-5D49-8E7D-07D509E38BDE}"
EndProject
Project("{FAE04EC0-301F-11D3-BF4B-00C04F79EFBC}") = "Assembly-CSharp-Editor", "Assembly-CSharp-Editor.csproj", "{1349490F-4262-DDD1-A8BD-A52E190E8396}"
EndProject
Global
	GlobalSection(SolutionConfigurationPlatforms) = preSolution
		Debug|Any CPU = Debug|Any CPU
		Release|Any CPU = Release|Any CPU
	EndGlobalSection
	GlobalSection(ProjectConfigurationPlatforms) = postSolution
		{210A0EF3-D180-5D49-8E7D-07D509E38BDE}.Debug|Any CPU.ActiveCfg = Debug|Any CPU
		{210A0EF3-D180-5D49-8E7D-07D509E38BDE}.Debug|Any CPU.Build.0 = Debug|Any CPU
		{210A0EF3-D180-5D49-8E7D-07D509E38BDE}.Release|Any CPU.ActiveCfg = Release|Any CPU
		{210A0EF3-D180-5D49-8E7D-07D509E38BDE}.Release|Any CPU.Build.0 = Release|Any CPU
		{1349490F-4262-DDD1-A8BD-A52E190E8396}.Debug|Any CPU.ActiveCfg = Debug|Any CPU
		{1349490F-4262-DDD1-A8BD-A52E190E8396}.Debug|Any CPU.Build.0 = Debug|Any CPU
		{1349490F-4262-DDD1-A8BD-A52E190E8396}.Release|Any CPU.ActiveCfg = Release|Any CPU
		{1349490F-4262-DDD1-A8BD-A52E190E8396}.Release|Any CPU.Build.0 = Release|Any CPU
	EndGlobalSection
	GlobalSection(SolutionProperties) = preSolution
		HideSolutionNode = FALSE
	EndGlobalSection
EndGlobal
